
Microsoft Visual Studio Solution File, Format Version 12.00
# Visual Studio Version 16
VisualStudioVersion = 16.0.30503.244
MinimumVisualStudioVersion = 10.0.40219.1
Project("{8BC9CEB8-8B4A-11D0-8D11-00A0C91BC942}") = "VisNetApp", "VisNetApp.vcxproj", "{3843F0BB-DCB2-4979-8E97-FC7637051CBD}"
	ProjectSection(ProjectDependencies) = postProject
		{19E31F3B-400A-41AA-B808-A9AD9F419D9F} = {19E31F3B-400A-41AA-B808-A9AD9F419D9F}
		{25CE9A7E-7FE5-46B5-8A3F-A5636FD2642A} = {25CE9A7E-7FE5-46B5-8A3F-A5636FD2642A}
		{378DDFAF-0E4D-4A3E-9548-0A3397F1A8C6} = {378DDFAF-0E4D-4A3E-9548-0A3397F1A8C6}
		{4B1E65B2-EF89-4216-89DE-4DAE4CE0F0E4} = {4B1E65B2-EF89-4216-89DE-4DAE4CE0F0E4}
	EndProjectSection
EndProject
Project("{8BC9CEB8-8B4A-11D0-8D11-00A0C91BC942}") = "data_driver", "..\data_driver\data_driver.vcxproj", "{25CE9A7E-7FE5-46B5-8A3F-A5636FD2642A}"
EndProject
Project("{8BC9CEB8-8B4A-11D0-8D11-00A0C91BC942}") = "data_manager", "..\data_manager\data_manager.vcxproj", "{19E31F3B-400A-41AA-B808-A9AD9F419D9F}"
	ProjectSection(ProjectDependencies) = postProject
		{25CE9A7E-7FE5-46B5-8A3F-A5636FD2642A} = {25CE9A7E-7FE5-46B5-8A3F-A5636FD2642A}
	EndProjectSection
EndProject
Project("{8BC9CEB8-8B4A-11D0-8D11-00A0C91BC942}") = "layouter", "..\layouter\layouter.vcxproj", "{378DDFAF-0E4D-4A3E-9548-0A3397F1A8C6}"
	ProjectSection(ProjectDependencies) = postProject
		{19E31F3B-400A-41AA-B808-A9AD9F419D9F} = {19E31F3B-400A-41AA-B808-A9AD9F419D9F}
		{25CE9A7E-7FE5-46B5-8A3F-A5636FD2642A} = {25CE9A7E-7FE5-46B5-8A3F-A5636FD2642A}
	EndProjectSection
EndProject
Project("{8BC9CEB8-8B4A-11D0-8D11-00A0C91BC942}") = "painter", "..\painter\painter.vcxproj", "{4B1E65B2-EF89-4216-89DE-4DAE4CE0F0E4}"
	ProjectSection(ProjectDependencies) = postProject
		{19E31F3B-400A-41AA-B808-A9AD9F419D9F} = {19E31F3B-400A-41AA-B808-A9AD9F419D9F}
		{25CE9A7E-7FE5-46B5-8A3F-A5636FD2642A} = {25CE9A7E-7FE5-46B5-8A3F-A5636FD2642A}
	EndProjectSection
EndProject
Global
	GlobalSection(SolutionConfigurationPlatforms) = preSolution
		Debug|x64 = Debug|x64
		Release|x64 = Release|x64
	EndGlobalSection
	GlobalSection(ProjectConfigurationPlatforms) = postSolution
		{3843F0BB-DCB2-4979-8E97-FC7637051CBD}.Debug|x64.ActiveCfg = Debug|x64
		{3843F0BB-DCB2-4979-8E97-FC7637051CBD}.Debug|x64.Build.0 = Debug|x64
		{3843F0BB-DCB2-4979-8E97-FC7637051CBD}.Release|x64.ActiveCfg = Release|x64
		{3843F0BB-DCB2-4979-8E97-FC7637051CBD}.Release|x64.Build.0 = Release|x64
		{25CE9A7E-7FE5-46B5-8A3F-A5636FD2642A}.Debug|x64.ActiveCfg = Debug|x64
		{25CE9A7E-7FE5-46B5-8A3F-A5636FD2642A}.Debug|x64.Build.0 = Debug|x64
		{25CE9A7E-7FE5-46B5-8A3F-A5636FD2642A}.Release|x64.ActiveCfg = Release|x64
		{25CE9A7E-7FE5-46B5-8A3F-A5636FD2642A}.Release|x64.Build.0 = Release|x64
		{19E31F3B-400A-41AA-B808-A9AD9F419D9F}.Debug|x64.ActiveCfg = Debug|x64
		{19E31F3B-400A-41AA-B808-A9AD9F419D9F}.Debug|x64.Build.0 = Debug|x64
		{19E31F3B-400A-41AA-B808-A9AD9F419D9F}.Release|x64.ActiveCfg = Release|x64
		{19E31F3B-400A-41AA-B808-A9AD9F419D9F}.Release|x64.Build.0 = Release|x64
		{378DDFAF-0E4D-4A3E-9548-0A3397F1A8C6}.Debug|x64.ActiveCfg = Debug|x64
		{378DDFAF-0E4D-4A3E-9548-0A3397F1A8C6}.Debug|x64.Build.0 = Debug|x64
		{378DDFAF-0E4D-4A3E-9548-0A3397F1A8C6}.Release|x64.ActiveCfg = Release|x64
		{378DDFAF-0E4D-4A3E-9548-0A3397F1A8C6}.Release|x64.Build.0 = Release|x64
		{4B1E65B2-EF89-4216-89DE-4DAE4CE0F0E4}.Debug|x64.ActiveCfg = Debug|x64
		{4B1E65B2-EF89-4216-89DE-4DAE4CE0F0E4}.Debug|x64.Build.0 = Debug|x64
		{4B1E65B2-EF89-4216-89DE-4DAE4CE0F0E4}.Release|x64.ActiveCfg = Release|x64
		{4B1E65B2-EF89-4216-89DE-4DAE4CE0F0E4}.Release|x64.Build.0 = Release|x64
	EndGlobalSection
	GlobalSection(SolutionProperties) = preSolution
		HideSolutionNode = FALSE
	EndGlobalSection
	GlobalSection(ExtensibilityGlobals) = postSolution
		SolutionGuid = {3EB3C892-0874-4DCC-881B-BF5BE2D07781}
	EndGlobalSection
EndGlobal
